Microsoft Visual Studio Solution File, Format Version 12.00
# Visual Studio Version 17
VisualStudioVersion = 17.5.2.0
MinimumVisualStudioVersion = 10.0.40219.1
Project("{FAE04EC0-301F-11D3-BF4B-00C04F79EFBC}") = "ApiAiBlazorLab", "ApiAiBlazorLab.csproj", "{21804FB1-8F56-4F18-494F-C4091BE8E713}"
EndProject
Global
	GlobalSection(SolutionConfigurationPlatforms) = preSolution
		Debug|Any CPU = Debug|Any CPU
		Release|Any CPU = Release|Any CPU
	EndGlobalSection
	GlobalSection(ProjectConfigurationPlatforms) = postSolution
		{21804FB1-8F56-4F18-494F-C4091BE8E713}.Debug|Any CPU.ActiveCfg = Debug|Any CPU
		{21804FB1-8F56-4F18-494F-C4091BE8E713}.Debug|Any CPU.Build.0 = Debug|Any CPU
		{21804FB1-8F56-4F18-494F-C4091BE8E713}.Release|Any CPU.ActiveCfg = Release|Any CPU
		{21804FB1-8F56-4F18-494F-C4091BE8E713}.Release|Any CPU.Build.0 = Release|Any CPU
	EndGlobalSection
	GlobalSection(SolutionProperties) = preSolution
		HideSolutionNode = FALSE
	EndGlobalSection
	GlobalSection(ExtensibilityGlobals) = postSolution
		SolutionGuid = {804393D7-8AB1-421E-97C2-A999954AA5D3}
	EndGlobalSection
EndGlobal
